
Microsoft Visual Studio Solution File, Format Version 12.00
# Visual Studio 2013
VisualStudioVersion = 12.0.21005.1
MinimumVisualStudioVersion = 10.0.40219.1
Project("{FAE04EC0-301F-11D3-BF4B-00C04F79EFBC}") = "MahmudsUMSApp", "MahmudsUMSApp\MahmudsUMSApp.csproj", "{5B395045-30AA-4539-BA70-9C6647C2CB4F}"
EndProject
Project("{FAE04EC0-301F-11D3-BF4B-00C04F79EFBC}") = "MahmudsUMSApp.Tests", "MahmudsUMSApp.Tests\MahmudsUMSApp.Tests.csproj", "{7F58D7D8-158C-4B4B-BB60-BE3FDA846C22}"
EndProject
Global
	GlobalSection(SolutionConfigurationPlatforms) = preSolution
		Debug|Any CPU = Debug|Any CPU
		Release|Any CPU = Release|Any CPU
	EndGlobalSection
	GlobalSection(ProjectConfigurationPlatforms) = postSolution
		{5B395045-30AA-4539-BA70-9C6647C2CB4F}.Debug|Any CPU.ActiveCfg = Debug|Any CPU
		{5B395045-30AA-4539-BA70-9C6647C2CB4F}.Debug|Any CPU.Build.0 = Debug|Any CPU
		{5B395045-30AA-4539-BA70-9C6647C2CB4F}.Release|Any CPU.ActiveCfg = Release|Any CPU
		{5B395045-30AA-4539-BA70-9C6647C2CB4F}.Release|Any CPU.Build.0 = Release|Any CPU
		{7F58D7D8-158C-4B4B-BB60-BE3FDA846C22}.Debug|Any CPU.ActiveCfg = Debug|Any CPU
		{7F58D7D8-158C-4B4B-BB60-BE3FDA846C22}.Debug|Any CPU.Build.0 = Debug|Any CPU
		{7F58D7D8-158C-4B4B-BB60-BE3FDA846C22}.Release|Any CPU.ActiveCfg = Release|Any CPU
		{7F58D7D8-158C-4B4B-BB60-BE3FDA846C22}.Release|Any CPU.Build.0 = Release|Any CPU
	EndGlobalSection
	GlobalSection(SolutionProperties) = preSolution
		HideSolutionNode = FALSE
	EndGlobalSection
EndGlobal
